PODS:
  - Alamofire (5.6.4)
  - DeviceKit (5.1.0)
  - FFmpegKit-mysangle (1.1.0):
    - FFmpegKit-mysangle/FFmpegKit-mysangle (= 1.1.0)
  - FFmpegKit-mysangle/FFmpegKit-mysangle (1.1.0):
    - OpenSSL-mysangle
  - FlipFlopLiteSDK (1.4.5):
    - DeviceKit (= 5.1.0)
    - KSPlayer-mysangle (= 1.1.7)
    - LDSwiftEventSource (= 3.1.1)
    - Logboard (= 2.4.1)
  - KSPlayer-mysangle (1.1.7):
    - KSPlayer-mysangle/MEPlayer (= 1.1.7)
  - KSPlayer-mysangle/MEPlayer (1.1.7):
    - FFmpegKit-mysangle
  - LDSwiftEventSource (3.1.1)
  - Logboard (2.4.1)
  - NVActivityIndicatorView (5.1.1):
    - NVActivityIndicatorView/Base (= 5.1.1)
  - NVActivityIndicatorView/Base (5.1.1)
  - OpenSSL-mysangle (1.1.0):
    - OpenSSL-mysangle/OpenSSL (= 1.1.0)
  - OpenSSL-mysangle/OpenSSL (1.1.0)
  - SDWebImage (5.15.5):
    - SDWebImage/Core (= 5.15.5)
  - SDWebImage/Core (5.15.5)
  - Vivid (0.9)
  - YUCIHighPassSkinSmoothing (1.4):
    - Vivid

DEPENDENCIES:
  - Alamofire
  - FlipFlopLiteSDK (= 1.4.5)
  - NVActivityIndicatorView
  - SDWebImage (~> 5.0)
  - YUCIHighPassSkinSmoothing (= 1.4)

SPEC REPOS:
  trunk:
    - Alamofire
    - DeviceKit
    - FFmpegKit-mysangle
    - FlipFlopLiteSDK
    - KSPlayer-mysangle
    - LDSwiftEventSource
    - Logboard
    - NVActivityIndicatorView
    - OpenSSL-mysangle
    - SDWebImage
    - Vivid
    - YUCIHighPassSkinSmoothing

SPEC CHECKSUMS:
  Alamofire: 4e95d97098eacb88856099c4fc79b526a299e48c
  DeviceKit: bcce5c26d9502e77e3a9fa5d1282877db388d922
  FFmpegKit-mysangle: 26bcc86ca5d931756ddce39a107720178372b1da
  FlipFlopLiteSDK: 1840847116dde42ae99ded92691c050c84bd0e10
  KSPlayer-mysangle: 824d35166797ad83c693beff9f44887bee13cb86
  LDSwiftEventSource: 3f9ff84ca80677f9a4f8596757dcb50026e4a13c
  Logboard: b78984e3f9fa5075d5bfd9308d51b453992aad0e
  NVActivityIndicatorView: 1f6c5687f1171810aa27a3296814dc2d7dec3667
  OpenSSL-mysangle: addffedc4d2a24b6f60a9bca2c3e7b14baaff9e7
  SDWebImage: fd7e1a22f00303e058058278639bf6196ee431fe
  Vivid: 0fde7409beac71224deb151dd78f98a5bb860497
  YUCIHighPassSkinSmoothing: 8418fd1bf605ec22b647c57745b863b352f72097

PODFILE CHECKSUM: 26aae1a7e1eddf9f653b20c4d13b69dfd44bde75

COCOAPODS: 1.14.2
